// !$*UTF8*$!
{
	archiveVersion = 1;
	classes = {
	};
	objectVersion = 56;
	objects = {

/* Begin PBXBuildFile section */
		A10001 /* BigTextApp.swift in Sources */ = {isa = PBXBuildFile; fileRef = A10101; };
		A10002 /* AppRootView.swift in Sources */ = {isa = PBXBuildFile; fileRef = A10102; };
		A10003 /* AppSettingsStore.swift in Sources */ = {isa = PBXBuildFile; fileRef = A10103; };
		A10004 /* BigTextColors.swift in Sources */ = {isa = PBXBuildFile; fileRef = A10104; };
		A10005 /* BigTextTypography.swift in Sources */ = {isa = PBXBuildFile; fileRef = A10105; };
		A10006 /* BigTextSpacing.swift in Sources */ = {isa = PBXBuildFile; fileRef = A10106; };
		A10007 /* BigTextInput.swift in Sources */ = {isa = PBXBuildFile; fileRef = A10107; };
		A10008 /* PrimaryActionButton.swift in Sources */ = {isa = PBXBuildFile; fileRef = A10108; };
		A10009 /* EditorView.swift in Sources */ = {isa = PBXBuildFile; fileRef = A10109; };
		A10010 /* AutoFitTextView.swift in Sources */ = {isa = PBXBuildFile; fileRef = A10110; };
		A10011 /* FlashOverlay.swift in Sources */ = {isa = PBXBuildFile; fileRef = A10111; };
		A10012 /* DisplayHintToast.swift in Sources */ = {isa = PBXBuildFile; fileRef = A10112; };
		A10013 /* BackControlOverlay.swift in Sources */ = {isa = PBXBuildFile; fileRef = A10113; };
		A10014 /* DisplayView.swift in Sources */ = {isa = PBXBuildFile; fileRef = A10114; };
		A10015 /* IdleTimerController.swift in Sources */ = {isa = PBXBuildFile; fileRef = A10115; };
		A10016 /* ShakeDetector.swift in Sources */ = {isa = PBXBuildFile; fileRef = A10116; };
		A10017 /* ShowBigTextIntent.swift in Sources */ = {isa = PBXBuildFile; fileRef = A10117; };
		A10018 /* Localizable.xcstrings in Resources */ = {isa = PBXBuildFile; fileRef = A10118; };
		A10019 /* AppShortcuts.xcstrings in Resources */ = {isa = PBXBuildFile; fileRef = A10119; };
		A10020 /* Assets.xcassets in Resources */ = {isa = PBXBuildFile; fileRef = A10120; };
/* End PBXBuildFile section */

/* Begin PBXFileReference section */
		A10000 /* BigText.app */ = {isa = PBXFileReference; explicitFileType = wrapper.application; includeInIndex = 0; path = BigText.app; sourceTree = BUILT_PRODUCTS_DIR; };
		A10101 /* BigTextApp.swift */ = {isa = PBXFileReference; lastKnownFileType = sourcecode.swift; path = BigTextApp.swift; sourceTree = "<group>"; };
		A10102 /* AppRootView.swift */ = {isa = PBXFileReference; lastKnownFileType = sourcecode.swift; path = AppRootView.swift; sourceTree = "<group>"; };
		A10103 /* AppSettingsStore.swift */ = {isa = PBXFileReference; lastKnownFileType = sourcecode.swift; path = AppSettingsStore.swift; sourceTree = "<group>"; };
		A10104 /* BigTextColors.swift */ = {isa = PBXFileReference; lastKnownFileType = sourcecode.swift; path = BigTextColors.swift; sourceTree = "<group>"; };
		A10105 /* BigTextTypography.swift */ = {isa = PBXFileReference; lastKnownFileType = sourcecode.swift; path = BigTextTypography.swift; sourceTree = "<group>"; };
		A10106 /* BigTextSpacing.swift */ = {isa = PBXFileReference; lastKnownFileType = sourcecode.swift; path = BigTextSpacing.swift; sourceTree = "<group>"; };
		A10107 /* BigTextInput.swift */ = {isa = PBXFileReference; lastKnownFileType = sourcecode.swift; path = BigTextInput.swift; sourceTree = "<group>"; };
		A10108 /* PrimaryActionButton.swift */ = {isa = PBXFileReference; lastKnownFileType = sourcecode.swift; path = PrimaryActionButton.swift; sourceTree = "<group>"; };
		A10109 /* EditorView.swift */ = {isa = PBXFileReference; lastKnownFileType = sourcecode.swift; path = EditorView.swift; sourceTree = "<group>"; };
		A10110 /* AutoFitTextView.swift */ = {isa = PBXFileReference; lastKnownFileType = sourcecode.swift; path = AutoFitTextView.swift; sourceTree = "<group>"; };
		A10111 /* FlashOverlay.swift */ = {isa = PBXFileReference; lastKnownFileType = sourcecode.swift; path = FlashOverlay.swift; sourceTree = "<group>"; };
		A10112 /* DisplayHintToast.swift */ = {isa = PBXFileReference; lastKnownFileType = sourcecode.swift; path = DisplayHintToast.swift; sourceTree = "<group>"; };
		A10113 /* BackControlOverlay.swift */ = {isa = PBXFileReference; lastKnownFileType = sourcecode.swift; path = BackControlOverlay.swift; sourceTree = "<group>"; };
		A10114 /* DisplayView.swift */ = {isa = PBXFileReference; lastKnownFileType = sourcecode.swift; path = DisplayView.swift; sourceTree = "<group>"; };
		A10115 /* IdleTimerController.swift */ = {isa = PBXFileReference; lastKnownFileType = sourcecode.swift; path = IdleTimerController.swift; sourceTree = "<group>"; };
		A10116 /* ShakeDetector.swift */ = {isa = PBXFileReference; lastKnownFileType = sourcecode.swift; path = ShakeDetector.swift; sourceTree = "<group>"; };
		A10117 /* ShowBigTextIntent.swift */ = {isa = PBXFileReference; lastKnownFileType = sourcecode.swift; path = ShowBigTextIntent.swift; sourceTree = "<group>"; };
		A10118 /* Localizable.xcstrings */ = {isa = PBXFileReference; lastKnownFileType = text.json.xcstrings; path = Localizable.xcstrings; sourceTree = "<group>"; };
		A10119 /* AppShortcuts.xcstrings */ = {isa = PBXFileReference; lastKnownFileType = text.json.xcstrings; path = AppShortcuts.xcstrings; sourceTree = "<group>"; };
		A10120 /* Assets.xcassets */ = {isa = PBXFileReference; lastKnownFileType = folder.assetcatalog; path = Assets.xcassets; sourceTree = "<group>"; };
		A10121 /* Info.plist */ = {isa = PBXFileReference; lastKnownFileType = text.plist.xml; path = Info.plist; sourceTree = "<group>"; };
/* End PBXFileReference section */

/* Begin PBXFrameworksBuildPhase section */
		A10201 /* Frameworks */ = {
			isa = PBXFrameworksBuildPhase;
			buildActionMask = 2147483647;
			files = (
			);
			runOnlyForDeploymentPostprocessing = 0;
		};
/* End PBXFrameworksBuildPhase section */

/* Begin PBXGroup section */
		A10301 = {
			isa = PBXGroup;
			children = (
				A10302 /* BigText */,
				A10303 /* Products */,
			);
			sourceTree = "<group>";
		};
		A10302 /* BigText */ = {
			isa = PBXGroup;
			children = (
				A10101 /* BigTextApp.swift */,
				A10102 /* AppRootView.swift */,
				A10310 /* Features */,
				A10311 /* Services */,
				A10312 /* Intents */,
				A10313 /* Data */,
				A10314 /* Design */,
				A10118 /* Localizable.xcstrings */,
				A10119 /* AppShortcuts.xcstrings */,
				A10120 /* Assets.xcassets */,
				A10121 /* Info.plist */,
			);
			path = BigText;
			sourceTree = "<group>";
		};
		A10303 /* Products */ = {
			isa = PBXGroup;
			children = (
				A10000 /* BigText.app */,
			);
			name = Products;
			sourceTree = "<group>";
		};
		A10310 /* Features */ = {
			isa = PBXGroup;
			children = (
				A10320 /* Editor */,
				A10321 /* Display */,
			);
			path = Features;
			sourceTree = "<group>";
		};
		A10320 /* Editor */ = {
			isa = PBXGroup;
			children = (
				A10107 /* BigTextInput.swift */,
				A10108 /* PrimaryActionButton.swift */,
				A10109 /* EditorView.swift */,
			);
			path = Editor;
			sourceTree = "<group>";
		};
		A10321 /* Display */ = {
			isa = PBXGroup;
			children = (
				A10110 /* AutoFitTextView.swift */,
				A10111 /* FlashOverlay.swift */,
				A10112 /* DisplayHintToast.swift */,
				A10113 /* BackControlOverlay.swift */,
				A10114 /* DisplayView.swift */,
			);
			path = Display;
			sourceTree = "<group>";
		};
		A10311 /* Services */ = {
			isa = PBXGroup;
			children = (
				A10115 /* IdleTimerController.swift */,
				A10116 /* ShakeDetector.swift */,
			);
			path = Services;
			sourceTree = "<group>";
		};
		A10312 /* Intents */ = {
			isa = PBXGroup;
			children = (
				A10117 /* ShowBigTextIntent.swift */,
			);
			path = Intents;
			sourceTree = "<group>";
		};
		A10313 /* Data */ = {
			isa = PBXGroup;
			children = (
				A10103 /* AppSettingsStore.swift */,
			);
			path = Data;
			sourceTree = "<group>";
		};
		A10314 /* Design */ = {
			isa = PBXGroup;
			children = (
				A10104 /* BigTextColors.swift */,
				A10105 /* BigTextTypography.swift */,
				A10106 /* BigTextSpacing.swift */,
			);
			path = Design;
			sourceTree = "<group>";
		};
/* End PBXGroup section */

/* Begin PBXNativeTarget section */
		A10401 /* BigText */ = {
			isa = PBXNativeTarget;
			buildConfigurationList = A10501 /* Build configuration list for PBXNativeTarget "BigText" */;
			buildPhases = (
				A10502 /* Sources */,
				A10201 /* Frameworks */,
				A10503 /* Resources */,
			);
			buildRules = (
			);
			dependencies = (
			);
			name = BigText;
			productName = BigText;
			productReference = A10000 /* BigText.app */;
			productType = "com.apple.product-type.application";
		};
/* End PBXNativeTarget section */

/* Begin PBXProject section */
		A10601 /* Project object */ = {
			isa = PBXProject;
			attributes = {
				BuildIndependentTargetsInParallel = 1;
				LastSwiftUpdateCheck = 1500;
				LastUpgradeCheck = 1500;
				TargetAttributes = {
					A10401 = {
						CreatedOnToolsVersion = 15.0;
					};
				};
			};
			buildConfigurationList = A10602 /* Build configuration list for PBXProject "BigText" */;
			compatibilityVersion = "Xcode 14.0";
			developmentRegion = en;
			hasScannedForEncodings = 0;
			knownRegions = (
				en,
				"zh-Hans",
			);
			mainGroup = A10301;
			productRefGroup = A10303 /* Products */;
			projectDirPath = "";
			projectRoot = "";
			targets = (
				A10401 /* BigText */,
			);
		};
/* End PBXProject section */

/* Begin PBXResourcesBuildPhase section */
		A10503 /* Resources */ = {
			isa = PBXResourcesBuildPhase;
			buildActionMask = 2147483647;
			files = (
				A10020 /* Assets.xcassets in Resources */,
				A10018 /* Localizable.xcstrings in Resources */,
				A10019 /* AppShortcuts.xcstrings in Resources */,
			);
			runOnlyForDeploymentPostprocessing = 0;
		};
/* End PBXResourcesBuildPhase section */

/* Begin PBXSourcesBuildPhase section */
		A10502 /* Sources */ = {
			isa = PBXSourcesBuildPhase;
			buildActionMask = 2147483647;
			files = (
				A10001 /* BigTextApp.swift in Sources */,
				A10002 /* AppRootView.swift in Sources */,
				A10003 /* AppSettingsStore.swift in Sources */,
				A10004 /* BigTextColors.swift in Sources */,
				A10005 /* BigTextTypography.swift in Sources */,
				A10006 /* BigTextSpacing.swift in Sources */,
				A10007 /* BigTextInput.swift in Sources */,
				A10008 /* PrimaryActionButton.swift in Sources */,
				A10009 /* EditorView.swift in Sources */,
				A10010 /* AutoFitTextView.swift in Sources */,
				A10011 /* FlashOverlay.swift in Sources */,
				A10012 /* DisplayHintToast.swift in Sources */,
				A10013 /* BackControlOverlay.swift in Sources */,
				A10014 /* DisplayView.swift in Sources */,
				A10015 /* IdleTimerController.swift in Sources */,
				A10016 /* ShakeDetector.swift in Sources */,
				A10017 /* ShowBigTextIntent.swift in Sources */,
			);
			runOnlyForDeploymentPostprocessing = 0;
		};
/* End PBXSourcesBuildPhase section */

/* Begin XCBuildConfiguration section */
		A10701 /* Debug */ = {
			isa = XCBuildConfiguration;
			buildSettings = {
				ALWAYS_SEARCH_USER_PATHS = NO;
				ASSETCATALOG_COMPILER_GENERATE_SWIFT_ASSET_SYMBOL_EXTENSIONS = YES;
				CLANG_ANALYZER_NONNULL = YES;
				CLANG_ANALYZER_NUMBER_OBJECT_CONVERSION = YES_AGGRESSIVE;
				CLANG_CXX_LANGUAGE_STANDARD = "gnu++20";
				CLANG_ENABLE_MODULES = YES;
				CLANG_ENABLE_OBJC_ARC = YES;
				CLANG_ENABLE_OBJC_WEAK = YES;
				CLANG_WARN_BLOCK_CAPTURE_AUTORELEASING = YES;
				CLANG_WARN_BOOL_CONVERSION = YES;
				CLANG_WARN_COMMA = YES;
				CLANG_WARN_CONSTANT_CONVERSION = YES;
				CLANG_WARN_DEPRECATED_OBJC_IMPLEMENTATIONS = YES;
				CLANG_WARN_DIRECT_OBJC_ISA_USAGE = YES_ERROR;
				CLANG_WARN_DOCUMENTATION_COMMENTS = YES;
				CLANG_WARN_EMPTY_BODY = YES;
				CLANG_WARN_ENUM_CONVERSION = YES;
				CLANG_WARN_INFINITE_RECURSION = YES;
				CLANG_WARN_INT_CONVERSION = YES;
				CLANG_WARN_NON_LITERAL_NULL_CONVERSION = YES;
				CLANG_WARN_OBJC_IMPLICIT_RETAIN_SELF = YES;
				CLANG_WARN_OBJC_LITERAL_CONVERSION = YES;
				CLANG_WARN_OBJC_ROOT_CLASS = YES_ERROR;
				CLANG_WARN_QUOTED_INCLUDE_IN_FRAMEWORK_HEADER = YES;
				CLANG_WARN_RANGE_LOOP_ANALYSIS = YES;
				CLANG_WARN_STRICT_PROTOTYPES = YES;
				CLANG_WARN_SUSPICIOUS_MOVE = YES;
				CLANG_WARN_UNGUARDED_AVAILABILITY = YES_AGGRESSIVE;
				CLANG_WARN_UNREACHABLE_CODE = YES;
				CLANG_WARN__DUPLICATE_METHOD_MATCH = YES;
				COPY_PHASE_STRIP = NO;
				DEBUG_INFORMATION_FORMAT = "dwarf-with-dsym";
				ENABLE_STRICT_OBJC_MSGSEND = YES;
				ENABLE_TESTABILITY = YES;
				ENABLE_USER_SCRIPT_SANDBOXING = YES;
				GCC_C_LANGUAGE_STANDARD = gnu17;
				GCC_DYNAMIC_NO_PIC = NO;
				GCC_NO_COMMON_BLOCKS = YES;
				GCC_OPTIMIZATION_LEVEL = 0;
				GCC_PREPROCESSOR_DEFINITIONS = (
					"DEBUG=1",
					"$(inherited)",
				);
				GCC_WARN_64_TO_32_BIT_CONVERSION = YES;
				GCC_WARN_ABOUT_RETURN_TYPE = YES_ERROR;
				GCC_WARN_UNDECLARED_SELECTOR = YES;
				GCC_WARN_UNINITIALIZED_AUTOS = YES_AGGRESSIVE;
				GCC_WARN_UNUSED_FUNCTION = YES;
				GCC_WARN_UNUSED_VARIABLE = YES;
				IPHONEOS_DEPLOYMENT_TARGET = 17.0;
				LOCALIZATION_PREFERS_STRING_CATALOGS = YES;
				MTL_ENABLE_DEBUG_INFO = INCLUDE_SOURCE;
				MTL_FAST_MATH = YES;
				ONLY_ACTIVE_ARCH = YES;
				SDKROOT = iphoneos;
				SWIFT_ACTIVE_COMPILATION_CONDITIONS = "DEBUG $(inherited)";
				SWIFT_OPTIMIZATION_LEVEL = "-Onone";
			};
			name = Debug;
		};
		A10702 /* Release */ = {
			isa = XCBuildConfiguration;
			buildSettings = {
				ALWAYS_SEARCH_USER_PATHS = NO;
				ASSETCATALOG_COMPILER_GENERATE_SWIFT_ASSET_SYMBOL_EXTENSIONS = YES;
				CLANG_ANALYZER_NONNULL = YES;
				CLANG_ANALYZER_NUMBER_OBJECT_CONVERSION = YES_AGGRESSIVE;
				CLANG_CXX_LANGUAGE_STANDARD = "gnu++20";
				CLANG_ENABLE_MODULES = YES;
				CLANG_ENABLE_OBJC_ARC = YES;
				CLANG_ENABLE_OBJC_WEAK = YES;
				CLANG_WARN_BLOCK_CAPTURE_AUTORELEASING = YES;
				CLANG_WARN_BOOL_CONVERSION = YES;
				CLANG_WARN_COMMA = YES;
				CLANG_WARN_CONSTANT_CONVERSION = YES;
				CLANG_WARN_DEPRECATED_OBJC_IMPLEMENTATIONS = YES;
				CLANG_WARN_DIRECT_OBJC_ISA_USAGE = YES_ERROR;
				CLANG_WARN_DOCUMENTATION_COMMENTS = YES;
				CLANG_WARN_EMPTY_BODY = YES;
				CLANG_WARN_ENUM_CONVERSION = YES;
				CLANG_WARN_INFINITE_RECURSION = YES;
				CLANG_WARN_INT_CONVERSION = YES;
				CLANG_WARN_NON_LITERAL_NULL_CONVERSION = YES;
				CLANG_WARN_OBJC_IMPLICIT_RETAIN_SELF = YES;
				CLANG_WARN_OBJC_LITERAL_CONVERSION = YES;
				CLANG_WARN_OBJC_ROOT_CLASS = YES_ERROR;
				CLANG_WARN_QUOTED_INCLUDE_IN_FRAMEWORK_HEADER = YES;
				CLANG_WARN_RANGE_LOOP_ANALYSIS = YES;
				CLANG_WARN_STRICT_PROTOTYPES = YES;
				CLANG_WARN_SUSPICIOUS_MOVE = YES;
				CLANG_WARN_UNGUARDED_AVAILABILITY = YES_AGGRESSIVE;
				CLANG_WARN_UNREACHABLE_CODE = YES;
				CLANG_WARN__DUPLICATE_METHOD_MATCH = YES;
				COPY_PHASE_STRIP = NO;
				DEBUG_INFORMATION_FORMAT = "dwarf-with-dsym";
				ENABLE_NS_ASSERTIONS = NO;
				ENABLE_STRICT_OBJC_MSGSEND = YES;
				ENABLE_USER_SCRIPT_SANDBOXING = YES;
				GCC_C_LANGUAGE_STANDARD = gnu17;
				GCC_NO_COMMON_BLOCKS = YES;
				GCC_WARN_64_TO_32_BIT_CONVERSION = YES;
				GCC_WARN_ABOUT_RETURN_TYPE = YES_ERROR;
				GCC_WARN_UNDECLARED_SELECTOR = YES;
				GCC_WARN_UNINITIALIZED_AUTOS = YES_AGGRESSIVE;
				GCC_WARN_UNUSED_FUNCTION = YES;
				GCC_WARN_UNUSED_VARIABLE = YES;
				IPHONEOS_DEPLOYMENT_TARGET = 17.0;
				LOCALIZATION_PREFERS_STRING_CATALOGS = YES;
				MTL_ENABLE_DEBUG_INFO = NO;
				MTL_FAST_MATH = YES;
				SDKROOT = iphoneos;
				SWIFT_COMPILATION_MODE = wholemodule;
				VALIDATE_PRODUCT = YES;
			};
			name = Release;
		};
		A10801 /* Debug */ = {
			isa = XCBuildConfiguration;
			buildSettings = {
				ASSETCATALOG_COMPILER_APPICON_NAME = AppIcon;
				CODE_SIGN_STYLE = Automatic;
				CURRENT_PROJECT_VERSION = 1;
				DEVELOPMENT_ASSET_PATHS = "";
				DEVELOPMENT_TEAM = "";
				ENABLE_PREVIEWS = YES;
				GENERATE_INFOPLIST_FILE = NO;
				INFOPLIST_FILE = BigText/Info.plist;
				INFOPLIST_KEY_ITSAppUsesNonExemptEncryption = NO;
				INFOPLIST_KEY UIApplicationSceneManifest_Generation = YES;
				INFOPLIST_KEY UIApplicationSupportsIndirectInputEvents = YES;
				INFOPLIST_KEY UILaunchScreen_Generation = YES;
				INFOPLIST_KEY UIRequiredDeviceCapabilities = "armv7 arm64";
				INFOPLIST_KEY UISupportedInterfaceOrientations = "UIInterfaceOrientationPortrait UIInterfaceOrientationLandscapeLeft UIInterfaceOrientationLandscapeRight";
				INFOPLIST_KEY UISupportedInterfaceOrientations_iPad = "UIInterfaceOrientationPortrait UIInterfaceOrientationPortraitUpsideDown UIInterfaceOrientationLandscapeLeft UIInterfaceOrientationLandscapeRight";
				LD_RUNPATH_SEARCH_PATHS = (
					"$(inherited)",
					"@executable_path/Frameworks",
				);
				MARKETING_VERSION = 1.0;
				PRODUCT_BUNDLE_IDENTIFIER = com.example.bigtext;
				PRODUCT_NAME = "$(TARGET_NAME)";
				SWIFT_EMIT_LOC_STRINGS = YES;
				SWIFT_VERSION = 5.0;
				TARGETED_DEVICE_FAMILY = "1,2";
			};
			name = Debug;
		};
		A10802 /* Release */ = {
			isa = XCBuildConfiguration;
			buildSettings = {
				ASSETCATALOG_COMPILER_APPICON_NAME = AppIcon;
				CODE_SIGN_STYLE = Automatic;
				CURRENT_PROJECT_VERSION = 1;
				DEVELOPMENT_ASSET_PATHS = "";
				DEVELOPMENT_TEAM = "";
				ENABLE_PREVIEWS = YES;
				GENERATE_INFOPLIST_FILE = NO;
				INFOPLIST_FILE = BigText/Info.plist;
				INFOPLIST_KEY_ITSAppUsesNonExemptEncryption = NO;
				INFOPLIST_KEY UIApplicationSceneManifest_Generation = YES;
				INFOPLIST_KEY UIApplicationSupportsIndirectInputEvents = YES;
				INFOPLIST_KEY UILaunchScreen_Generation = YES;
				INFOPLIST_KEY UIRequiredDeviceCapabilities = "armv7 arm64";
				INFOPLIST_KEY UISupportedInterfaceOrientations = "UIInterfaceOrientationPortrait UIInterfaceOrientationLandscapeLeft UIInterfaceOrientationLandscapeRight";
				INFOPLIST_KEY UISupportedInterfaceOrientations_iPad = "UIInterfaceOrientationPortrait UIInterfaceOrientationPortraitUpsideDown UIInterfaceOrientationLandscapeLeft UIInterfaceOrientationLandscapeRight";
				LD_RUNPATH_SEARCH_PATHS = (
					"$(inherited)",
					"@executable_path/Frameworks",
				);
				MARKETING_VERSION = 1.0;
				PRODUCT_BUNDLE_IDENTIFIER = com.example.bigtext;
				PRODUCT_NAME = "$(TARGET_NAME)";
				SWIFT_EMIT_LOC_STRINGS = YES;
				SWIFT_VERSION = 5.0;
				TARGETED_DEVICE_FAMILY = "1,2";
			};
			name = Release;
		};
/* End XCBuildConfiguration section */

/* Begin XCConfigurationList section */
		A10501 /* Build configuration list for PBXNativeTarget "BigText" */ = {
			isa = XCConfigurationList;
			buildConfigurations = (
				A10801 /* Debug */,
				A10802 /* Release */,
			);
			defaultConfigurationIsVisible = 0;
			defaultConfigurationName = Release;
		};
		A10602 /* Build configuration list for PBXProject "BigText" */ = {
			isa = XCConfigurationList;
			buildConfigurations = (
				A10701 /* Debug */,
				A10702 /* Release */,
			);
			defaultConfigurationIsVisible = 0;
			defaultConfigurationName = Release;
		};
/* End XCConfigurationList section */
	};
	rootObject = A10601 /* Project object */;
}
